
Microsoft Visual Studio Solution File, Format Version 12.00
# Visual Studio 15
VisualStudioVersion = 15.0.28010.2046
MinimumVisualStudioVersion = 10.0.40219.1
Project("{FAE04EC0-301F-11D3-BF4B-00C04F79EFBC}") = "App01_LayoutXF.Android", "App01_LayoutXF\App01_LayoutXF.Android\App01_LayoutXF.Android.csproj", "{4E895A63-DAD8-4253-B702-C5B8333E7320}"
EndProject
Project("{FAE04EC0-301F-11D3-BF4B-00C04F79EFBC}") = "App01_LayoutXF.iOS", "App01_LayoutXF\App01_LayoutXF.iOS\App01_LayoutXF.iOS.csproj", "{B172F47D-3432-45DB-BF5F-B28DF78000CA}"
EndProject
Project("{FAE04EC0-301F-11D3-BF4B-00C04F79EFBC}") = "App01_LayoutXF.UWP", "App01_LayoutXF\App01_LayoutXF.UWP\App01_LayoutXF.UWP.csproj", "{6F991B02-DC28-43E0-A977-5307B433CBA8}"
EndProject
Project("{FAE04EC0-301F-11D3-BF4B-00C04F79EFBC}") = "App01_LayoutXF", "App01_LayoutXF\App01_LayoutXF\App01_LayoutXF.csproj", "{0A74F630-F87D-4D19-A2B5-AF98A4D721B8}"
EndProject
Global
	GlobalSection(SolutionConfigurationPlatforms) = preSolution
		Ad-Hoc|Any CPU = Ad-Hoc|Any CPU
		Ad-Hoc|ARM = Ad-Hoc|ARM
		Ad-Hoc|iPhone = Ad-Hoc|iPhone
		Ad-Hoc|iPhoneSimulator = Ad-Hoc|iPhoneSimulator
		Ad-Hoc|x64 = Ad-Hoc|x64
		Ad-Hoc|x86 = Ad-Hoc|x86
		AppStore|Any CPU = AppStore|Any CPU
		AppStore|ARM = AppStore|ARM
		AppStore|iPhone = AppStore|iPhone
		AppStore|iPhoneSimulator = AppStore|iPhoneSimulator
		AppStore|x64 = AppStore|x64
		AppStore|x86 = AppStore|x86
		Debug|Any CPU = Debug|Any CPU
		Debug|ARM = Debug|ARM
		Debug|iPhone = Debug|iPhone
		Debug|iPhoneSimulator = Debug|iPhoneSimulator
		Debug|x64 = Debug|x64
		Debug|x86 = Debug|x86
		Release|Any CPU = Release|Any CPU
		Release|ARM = Release|ARM
		Release|iPhone = Release|iPhone
		Release|iPhoneSimulator = Release|iPhoneSimulator
		Release|x64 = Release|x64
		Release|x86 = Release|x86
	EndGlobalSection
	GlobalSection(ProjectConfigurationPlatforms) = postSolution
		{4E895A63-DAD8-4253-B702-C5B8333E7320}.Ad-Hoc|Any CPU.ActiveCfg = Release|Any CPU
		{4E895A63-DAD8-4253-B702-C5B8333E7320}.Ad-Hoc|Any CPU.Build.0 = Release|Any CPU
		{4E895A63-DAD8-4253-B702-C5B8333E7320}.Ad-Hoc|Any CPU.Deploy.0 = Release|Any CPU
		{4E895A63-DAD8-4253-B702-C5B8333E7320}.Ad-Hoc|ARM.ActiveCfg = Release|Any CPU
		{4E895A63-DAD8-4253-B702-C5B8333E7320}.Ad-Hoc|ARM.Build.0 = Release|Any CPU
		{4E895A63-DAD8-4253-B702-C5B8333E7320}.Ad-Hoc|ARM.Deploy.0 = Release|Any CPU
		{4E895A63-DAD8-4253-B702-C5B8333E7320}.Ad-Hoc|iPhone.ActiveCfg = Release|Any CPU
		{4E895A63-DAD8-4253-B702-C5B8333E7320}.Ad-Hoc|iPhone.Build.0 = Release|Any CPU
		{4E895A63-DAD8-4253-B702-C5B8333E7320}.Ad-Hoc|iPhone.Deploy.0 = Release|Any CPU
		{4E895A63-DAD8-4253-B702-C5B8333E7320}.Ad-Hoc|iPhoneSimulator.ActiveCfg = Release|Any CPU
		{4E895A63-DAD8-4253-B702-C5B8333E7320}.Ad-Hoc|iPhoneSimulator.Build.0 = Release|Any CPU
		{4E895A63-DAD8-4253-B702-C5B8333E7320}.Ad-Hoc|iPhoneSimulator.Deploy.0 = Release|Any CPU
		{4E895A63-DAD8-4253-B702-C5B8333E7320}.Ad-Hoc|x64.ActiveCfg = Release|Any CPU
		{4E895A63-DAD8-4253-B702-C5B8333E7320}.Ad-Hoc|x64.Build.0 = Release|Any CPU
		{4E895A63-DAD8-4253-B702-C5B8333E7320}.Ad-Hoc|x64.Deploy.0 = Release|Any CPU
		{4E895A63-DAD8-4253-B702-C5B8333E7320}.Ad-Hoc|x86.ActiveCfg = Release|Any CPU
		{4E895A63-DAD8-4253-B702-C5B8333E7320}.Ad-Hoc|x86.Build.0 = Release|Any CPU
		{4E895A63-DAD8-4253-B702-C5B8333E7320}.Ad-Hoc|x86.Deploy.0 = Release|Any CPU
		{4E895A63-DAD8-4253-B702-C5B8333E7320}.AppStore|Any CPU.ActiveCfg = Release|Any CPU
		{4E895A63-DAD8-4253-B702-C5B8333E7320}.AppStore|Any CPU.Build.0 = Release|Any CPU
		{4E895A63-DAD8-4253-B702-C5B8333E7320}.AppStore|Any CPU.Deploy.0 = Release|Any CPU
		{4E895A63-DAD8-4253-B702-C5B8333E7320}.AppStore|ARM.ActiveCfg = Release|Any CPU
		{4E895A63-DAD8-4253-B702-C5B8333E7320}.AppStore|ARM.Build.0 = Release|Any CPU
		{4E895A63-DAD8-4253-B702-C5B8333E7320}.AppStore|ARM.Deploy.0 = Release|Any CPU
		{4E895A63-DAD8-4253-B702-C5B8333E7320}.AppStore|iPhone.ActiveCfg = Release|Any CPU
		{4E895A63-DAD8-4253-B702-C5B8333E7320}.AppStore|iPhone.Build.0 = Release|Any CPU
		{4E895A63-DAD8-4253-B702-C5B8333E7320}.AppStore|iPhone.Deploy.0 = Release|Any CPU
		{4E895A63-DAD8-4253-B702-C5B8333E7320}.AppStore|iPhoneSimulator.ActiveCfg = Release|Any CPU
		{4E895A63-DAD8-4253-B702-C5B8333E7320}.AppStore|iPhoneSimulator.Build.0 = Release|Any CPU
		{4E895A63-DAD8-4253-B702-C5B8333E7320}.AppStore|iPhoneSimulator.Deploy.0 = Release|Any CPU
		{4E895A63-DAD8-4253-B702-C5B8333E7320}.AppStore|x64.ActiveCfg = Release|Any CPU
		{4E895A63-DAD8-4253-B702-C5B8333E7320}.AppStore|x64.Build.0 = Release|Any CPU
		{4E895A63-DAD8-4253-B702-C5B8333E7320}.AppStore|x64.Deploy.0 = Release|Any CPU
		{4E895A63-DAD8-4253-B702-C5B8333E7320}.AppStore|x86.ActiveCfg = Release|Any CPU
		{4E895A63-DAD8-4253-B702-C5B8333E7320}.AppStore|x86.Build.0 = Release|Any CPU
		{4E895A63-DAD8-4253-B702-C5B8333E7320}.AppStore|x86.Deploy.0 = Release|Any CPU
		{4E895A63-DAD8-4253-B702-C5B8333E7320}.Debug|Any CPU.ActiveCfg = Debug|Any CPU
		{4E895A63-DAD8-4253-B702-C5B8333E7320}.Debug|Any CPU.Build.0 = Debug|Any CPU
		{4E895A63-DAD8-4253-B702-C5B8333E7320}.Debug|Any CPU.Deploy.0 = Debug|Any CPU
		{4E895A63-DAD8-4253-B702-C5B8333E7320}.Debug|ARM.ActiveCfg = Debug|Any CPU
		{4E895A63-DAD8-4253-B702-C5B8333E7320}.Debug|ARM.Build.0 = Debug|Any CPU
		{4E895A63-DAD8-4253-B702-C5B8333E7320}.Debug|ARM.Deploy.0 = Debug|Any CPU
		{4E895A63-DAD8-4253-B702-C5B8333E7320}.Debug|iPhone.ActiveCfg = Debug|Any CPU
		{4E895A63-DAD8-4253-B702-C5B8333E7320}.Debug|iPhone.Build.0 = Debug|Any CPU
		{4E895A63-DAD8-4253-B702-C5B8333E7320}.Debug|iPhone.Deploy.0 = Debug|Any CPU
		{4E895A63-DAD8-4253-B702-C5B8333E7320}.Debug|iPhoneSimulator.ActiveCfg = Debug|Any CPU
		{4E895A63-DAD8-4253-B702-C5B8333E7320}.Debug|iPhoneSimulator.Build.0 = Debug|Any CPU
		{4E895A63-DAD8-4253-B702-C5B8333E7320}.Debug|iPhoneSimulator.Deploy.0 = Debug|Any CPU
		{4E895A63-DAD8-4253-B702-C5B8333E7320}.Debug|x64.ActiveCfg = Debug|Any CPU
		{4E895A63-DAD8-4253-B702-C5B8333E7320}.Debug|x64.Build.0 = Debug|Any CPU
		{4E895A63-DAD8-4253-B702-C5B8333E7320}.Debug|x64.Deploy.0 = Debug|Any CPU
		{4E895A63-DAD8-4253-B702-C5B8333E7320}.Debug|x86.ActiveCfg = Debug|Any CPU
		{4E895A63-DAD8-4253-B702-C5B8333E7320}.Debug|x86.Build.0 = Debug|Any CPU
		{4E895A63-DAD8-4253-B702-C5B8333E7320}.Debug|x86.Deploy.0 = Debug|Any CPU
		{4E895A63-DAD8-4253-B702-C5B8333E7320}.Release|Any CPU.ActiveCfg = Release|Any CPU
		{4E895A63-DAD8-4253-B702-C5B8333E7320}.Release|Any CPU.Build.0 = Release|Any CPU
		{4E895A63-DAD8-4253-B702-C5B8333E7320}.Release|Any CPU.Deploy.0 = Release|Any CPU
		{4E895A63-DAD8-4253-B702-C5B8333E7320}.Release|ARM.ActiveCfg = Release|Any CPU
		{4E895A63-DAD8-4253-B702-C5B8333E7320}.Release|ARM.Build.0 = Release|Any CPU
		{4E895A63-DAD8-4253-B702-C5B8333E7320}.Release|ARM.Deploy.0 = Release|Any CPU
		{4E895A63-DAD8-4253-B702-C5B8333E7320}.Release|iPhone.ActiveCfg = Release|Any CPU
		{4E895A63-DAD8-4253-B702-C5B8333E7320}.Release|iPhone.Build.0 = Release|Any CPU
		{4E895A63-DAD8-4253-B702-C5B8333E7320}.Release|iPhone.Deploy.0 = Release|Any CPU
		{4E895A63-DAD8-4253-B702-C5B8333E7320}.Release|iPhoneSimulator.ActiveCfg = Release|Any CPU
		{4E895A63-DAD8-4253-B702-C5B8333E7320}.Release|iPhoneSimulator.Build.0 = Release|Any CPU
		{4E895A63-DAD8-4253-B702-C5B8333E7320}.Release|iPhoneSimulator.Deploy.0 = Release|Any CPU
		{4E895A63-DAD8-4253-B702-C5B8333E7320}.Release|x64.ActiveCfg = Release|Any CPU
		{4E895A63-DAD8-4253-B702-C5B8333E7320}.Release|x64.Build.0 = Release|Any CPU
		{4E895A63-DAD8-4253-B702-C5B8333E7320}.Release|x64.Deploy.0 = Release|Any CPU
		{4E895A63-DAD8-4253-B702-C5B8333E7320}.Release|x86.ActiveCfg = Release|Any CPU
		{4E895A63-DAD8-4253-B702-C5B8333E7320}.Release|x86.Build.0 = Release|Any CPU
		{4E895A63-DAD8-4253-B702-C5B8333E7320}.Release|x86.Deploy.0 = Release|Any CPU
		{B172F47D-3432-45DB-BF5F-B28DF78000CA}.Ad-Hoc|Any CPU.ActiveCfg = Ad-Hoc|iPhone
		{B172F47D-3432-45DB-BF5F-B28DF78000CA}.Ad-Hoc|Any CPU.Build.0 = Ad-Hoc|iPhone
		{B172F47D-3432-45DB-BF5F-B28DF78000CA}.Ad-Hoc|Any CPU.Deploy.0 = Ad-Hoc|iPhone
		{B172F47D-3432-45DB-BF5F-B28DF78000CA}.Ad-Hoc|ARM.ActiveCfg = Ad-Hoc|iPhone
		{B172F47D-3432-45DB-BF5F-B28DF78000CA}.Ad-Hoc|ARM.Build.0 = Ad-Hoc|iPhone
		{B172F47D-3432-45DB-BF5F-B28DF78000CA}.Ad-Hoc|ARM.Deploy.0 = Ad-Hoc|iPhone
		{B172F47D-3432-45DB-BF5F-B28DF78000CA}.Ad-Hoc|iPhone.ActiveCfg = Ad-Hoc|iPhone
		{B172F47D-3432-45DB-BF5F-B28DF78000CA}.Ad-Hoc|iPhone.Build.0 = Ad-Hoc|iPhone
		{B172F47D-3432-45DB-BF5F-B28DF78000CA}.Ad-Hoc|iPhone.Deploy.0 = Ad-Hoc|iPhone
		{B172F47D-3432-45DB-BF5F-B28DF78000CA}.Ad-Hoc|iPhoneSimulator.ActiveCfg = Ad-Hoc|iPhoneSimulator
		{B172F47D-3432-45DB-BF5F-B28DF78000CA}.Ad-Hoc|iPhoneSimulator.Build.0 = Ad-Hoc|iPhoneSimulator
		{B172F47D-3432-45DB-BF5F-B28DF78000CA}.Ad-Hoc|iPhoneSimulator.Deploy.0 = Ad-Hoc|iPhoneSimulator
		{B172F47D-3432-45DB-BF5F-B28DF78000CA}.Ad-Hoc|x64.ActiveCfg = Ad-Hoc|iPhone
		{B172F47D-3432-45DB-BF5F-B28DF78000CA}.Ad-Hoc|x64.Build.0 = Ad-Hoc|iPhone
		{B172F47D-3432-45DB-BF5F-B28DF78000CA}.Ad-Hoc|x64.Deploy.0 = Ad-Hoc|iPhone
		{B172F47D-3432-45DB-BF5F-B28DF78000CA}.Ad-Hoc|x86.ActiveCfg = Ad-Hoc|iPhone
		{B172F47D-3432-45DB-BF5F-B28DF78000CA}.Ad-Hoc|x86.Build.0 = Ad-Hoc|iPhone
		{B172F47D-3432-45DB-BF5F-B28DF78000CA}.Ad-Hoc|x86.Deploy.0 = Ad-Hoc|iPhone
		{B172F47D-3432-45DB-BF5F-B28DF78000CA}.AppStore|Any CPU.ActiveCfg = AppStore|iPhone
		{B172F47D-3432-45DB-BF5F-B28DF78000CA}.AppStore|Any CPU.Build.0 = AppStore|iPhone
		{B172F47D-3432-45DB-BF5F-B28DF78000CA}.AppStore|Any CPU.Deploy.0 = AppStore|iPhone
		{B172F47D-3432-45DB-BF5F-B28DF78000CA}.AppStore|ARM.ActiveCfg = AppStore|iPhone
		{B172F47D-3432-45DB-BF5F-B28DF78000CA}.AppStore|ARM.Build.0 = AppStore|iPhone
		{B172F47D-3432-45DB-BF5F-B28DF78000CA}.AppStore|ARM.Deploy.0 = AppStore|iPhone
		{B172F47D-3432-45DB-BF5F-B28DF78000CA}.AppStore|iPhone.ActiveCfg = AppStore|iPhone
		{B172F47D-3432-45DB-BF5F-B28DF78000CA}.AppStore|iPhone.Build.0 = AppStore|iPhone
		{B172F47D-3432-45DB-BF5F-B28DF78000CA}.AppStore|iPhone.Deploy.0 = AppStore|iPhone
		{B172F47D-3432-45DB-BF5F-B28DF78000CA}.AppStore|iPhoneSimulator.ActiveCfg = AppStore|iPhoneSimulator
		{B172F47D-3432-45DB-BF5F-B28DF78000CA}.AppStore|iPhoneSimulator.Build.0 = AppStore|iPhoneSimulator
		{B172F47D-3432-45DB-BF5F-B28DF78000CA}.AppStore|iPhoneSimulator.Deploy.0 = AppStore|iPhoneSimulator
		{B172F47D-3432-45DB-BF5F-B28DF78000CA}.AppStore|x64.ActiveCfg = AppStore|iPhone
		{B172F47D-3432-45DB-BF5F-B28DF78000CA}.AppStore|x64.Build.0 = AppStore|iPhone
		{B172F47D-3432-45DB-BF5F-B28DF78000CA}.AppStore|x64.Deploy.0 = AppStore|iPhone
		{B172F47D-3432-45DB-BF5F-B28DF78000CA}.AppStore|x86.ActiveCfg = AppStore|iPhone
		{B172F47D-3432-45DB-BF5F-B28DF78000CA}.AppStore|x86.Build.0 = AppStore|iPhone
		{B172F47D-3432-45DB-BF5F-B28DF78000CA}.AppStore|x86.Deploy.0 = AppStore|iPhone
		{B172F47D-3432-45DB-BF5F-B28DF78000CA}.Debug|Any CPU.ActiveCfg = Debug|iPhoneSimulator
		{B172F47D-3432-45DB-BF5F-B28DF78000CA}.Debug|Any CPU.Build.0 = Debug|iPhoneSimulator
		{B172F47D-3432-45DB-BF5F-B28DF78000CA}.Debug|Any CPU.Deploy.0 = Debug|iPhoneSimulator
		{B172F47D-3432-45DB-BF5F-B28DF78000CA}.Debug|ARM.ActiveCfg = Debug|iPhone
		{B172F47D-3432-45DB-BF5F-B28DF78000CA}.Debug|ARM.Build.0 = Debug|iPhone
		{B172F47D-3432-45DB-BF5F-B28DF78000CA}.Debug|ARM.Deploy.0 = Debug|iPhone
		{B172F47D-3432-45DB-BF5F-B28DF78000CA}.Debug|iPhone.ActiveCfg = Debug|iPhone
		{B172F47D-3432-45DB-BF5F-B28DF78000CA}.Debug|iPhone.Build.0 = Debug|iPhone
		{B172F47D-3432-45DB-BF5F-B28DF78000CA}.Debug|iPhone.Deploy.0 = Debug|iPhone
		{B172F47D-3432-45DB-BF5F-B28DF78000CA}.Debug|iPhoneSimulator.ActiveCfg = Debug|iPhoneSimulator
		{B172F47D-3432-45DB-BF5F-B28DF78000CA}.Debug|iPhoneSimulator.Build.0 = Debug|iPhoneSimulator
		{B172F47D-3432-45DB-BF5F-B28DF78000CA}.Debug|iPhoneSimulator.Deploy.0 = Debug|iPhoneSimulator
		{B172F47D-3432-45DB-BF5F-B28DF78000CA}.Debug|x64.ActiveCfg = Debug|iPhone
		{B172F47D-3432-45DB-BF5F-B28DF78000CA}.Debug|x64.Build.0 = Debug|iPhone
		{B172F47D-3432-45DB-BF5F-B28DF78000CA}.Debug|x64.Deploy.0 = Debug|iPhone
		{B172F47D-3432-45DB-BF5F-B28DF78000CA}.Debug|x86.ActiveCfg = Debug|iPhone
		{B172F47D-3432-45DB-BF5F-B28DF78000CA}.Debug|x86.Build.0 = Debug|iPhone
		{B172F47D-3432-45DB-BF5F-B28DF78000CA}.Debug|x86.Deploy.0 = Debug|iPhone
		{B172F47D-3432-45DB-BF5F-B28DF78000CA}.Release|Any CPU.ActiveCfg = Release|iPhone
		{B172F47D-3432-45DB-BF5F-B28DF78000CA}.Release|Any CPU.Build.0 = Release|iPhone
		{B172F47D-3432-45DB-BF5F-B28DF78000CA}.Release|Any CPU.Deploy.0 = Release|iPhone
		{B172F47D-3432-45DB-BF5F-B28DF78000CA}.Release|ARM.ActiveCfg = Release|iPhone
		{B172F47D-3432-45DB-BF5F-B28DF78000CA}.Release|ARM.Build.0 = Release|iPhone
		{B172F47D-3432-45DB-BF5F-B28DF78000CA}.Release|ARM.Deploy.0 = Release|iPhone
		{B172F47D-3432-45DB-BF5F-B28DF78000CA}.Release|iPhone.ActiveCfg = Release|iPhone
		{B172F47D-3432-45DB-BF5F-B28DF78000CA}.Release|iPhone.Build.0 = Release|iPhone
		{B172F47D-3432-45DB-BF5F-B28DF78000CA}.Release|iPhone.Deploy.0 = Release|iPhone
		{B172F47D-3432-45DB-BF5F-B28DF78000CA}.Release|iPhoneSimulator.ActiveCfg = Release|iPhoneSimulator
		{B172F47D-3432-45DB-BF5F-B28DF78000CA}.Release|iPhoneSimulator.Build.0 = Release|iPhoneSimulator
		{B172F47D-3432-45DB-BF5F-B28DF78000CA}.Release|iPhoneSimulator.Deploy.0 = Release|iPhoneSimulator
		{B172F47D-3432-45DB-BF5F-B28DF78000CA}.Release|x64.ActiveCfg = Release|iPhone
		{B172F47D-3432-45DB-BF5F-B28DF78000CA}.Release|x64.Build.0 = Release|iPhone
		{B172F47D-3432-45DB-BF5F-B28DF78000CA}.Release|x64.Deploy.0 = Release|iPhone
		{B172F47D-3432-45DB-BF5F-B28DF78000CA}.Release|x86.ActiveCfg = Release|iPhone
		{B172F47D-3432-45DB-BF5F-B28DF78000CA}.Release|x86.Build.0 = Release|iPhone
		{B172F47D-3432-45DB-BF5F-B28DF78000CA}.Release|x86.Deploy.0 = Release|iPhone
		{6F991B02-DC28-43E0-A977-5307B433CBA8}.Ad-Hoc|Any CPU.ActiveCfg = Release|x86
		{6F991B02-DC28-43E0-A977-5307B433CBA8}.Ad-Hoc|Any CPU.Build.0 = Release|x86
		{6F991B02-DC28-43E0-A977-5307B433CBA8}.Ad-Hoc|Any CPU.Deploy.0 = Release|x86
		{6F991B02-DC28-43E0-A977-5307B433CBA8}.Ad-Hoc|ARM.ActiveCfg = Release|ARM
		{6F991B02-DC28-43E0-A977-5307B433CBA8}.Ad-Hoc|ARM.Build.0 = Release|ARM
		{6F991B02-DC28-43E0-A977-5307B433CBA8}.Ad-Hoc|ARM.Deploy.0 = Release|ARM
		{6F991B02-DC28-43E0-A977-5307B433CBA8}.Ad-Hoc|iPhone.ActiveCfg = Release|x86
		{6F991B02-DC28-43E0-A977-5307B433CBA8}.Ad-Hoc|iPhone.Build.0 = Release|x86
		{6F991B02-DC28-43E0-A977-5307B433CBA8}.Ad-Hoc|iPhone.Deploy.0 = Release|x86
		{6F991B02-DC28-43E0-A977-5307B433CBA8}.Ad-Hoc|iPhoneSimulator.ActiveCfg = Release|x86
		{6F991B02-DC28-43E0-A977-5307B433CBA8}.Ad-Hoc|iPhoneSimulator.Build.0 = Release|x86
		{6F991B02-DC28-43E0-A977-5307B433CBA8}.Ad-Hoc|iPhoneSimulator.Deploy.0 = Release|x86
		{6F991B02-DC28-43E0-A977-5307B433CBA8}.Ad-Hoc|x64.ActiveCfg = Release|x64
		{6F991B02-DC28-43E0-A977-5307B433CBA8}.Ad-Hoc|x64.Build.0 = Release|x64
		{6F991B02-DC28-43E0-A977-5307B433CBA8}.Ad-Hoc|x64.Deploy.0 = Release|x64
		{6F991B02-DC28-43E0-A977-5307B433CBA8}.Ad-Hoc|x86.ActiveCfg = Release|x86
		{6F991B02-DC28-43E0-A977-5307B433CBA8}.Ad-Hoc|x86.Build.0 = Release|x86
		{6F991B02-DC28-43E0-A977-5307B433CBA8}.Ad-Hoc|x86.Deploy.0 = Release|x86
		{6F991B02-DC28-43E0-A977-5307B433CBA8}.AppStore|Any CPU.ActiveCfg = Release|x86
		{6F991B02-DC28-43E0-A977-5307B433CBA8}.AppStore|Any CPU.Build.0 = Release|x86
		{6F991B02-DC28-43E0-A977-5307B433CBA8}.AppStore|Any CPU.Deploy.0 = Release|x86
		{6F991B02-DC28-43E0-A977-5307B433CBA8}.AppStore|ARM.ActiveCfg = Release|ARM
		{6F991B02-DC28-43E0-A977-5307B433CBA8}.AppStore|ARM.Build.0 = Release|ARM
		{6F991B02-DC28-43E0-A977-5307B433CBA8}.AppStore|ARM.Deploy.0 = Release|ARM
		{6F991B02-DC28-43E0-A977-5307B433CBA8}.AppStore|iPhone.ActiveCfg = Release|x86
		{6F991B02-DC28-43E0-A977-5307B433CBA8}.AppStore|iPhone.Build.0 = Release|x86
		{6F991B02-DC28-43E0-A977-5307B433CBA8}.AppStore|iPhone.Deploy.0 = Release|x86
		{6F991B02-DC28-43E0-A977-5307B433CBA8}.AppStore|iPhoneSimulator.ActiveCfg = Release|x86
		{6F991B02-DC28-43E0-A977-5307B433CBA8}.AppStore|iPhoneSimulator.Build.0 = Release|x86
		{6F991B02-DC28-43E0-A977-5307B433CBA8}.AppStore|iPhoneSimulator.Deploy.0 = Release|x86
		{6F991B02-DC28-43E0-A977-5307B433CBA8}.AppStore|x64.ActiveCfg = Release|x64
		{6F991B02-DC28-43E0-A977-5307B433CBA8}.AppStore|x64.Build.0 = Release|x64
		{6F991B02-DC28-43E0-A977-5307B433CBA8}.AppStore|x64.Deploy.0 = Release|x64
		{6F991B02-DC28-43E0-A977-5307B433CBA8}.AppStore|x86.ActiveCfg = Release|x86
		{6F991B02-DC28-43E0-A977-5307B433CBA8}.AppStore|x86.Build.0 = Release|x86
		{6F991B02-DC28-43E0-A977-5307B433CBA8}.AppStore|x86.Deploy.0 = Release|x86
		{6F991B02-DC28-43E0-A977-5307B433CBA8}.Debug|Any CPU.ActiveCfg = Debug|x86
		{6F991B02-DC28-43E0-A977-5307B433CBA8}.Debug|Any CPU.Build.0 = Debug|x86
		{6F991B02-DC28-43E0-A977-5307B433CBA8}.Debug|Any CPU.Deploy.0 = Debug|x86
		{6F991B02-DC28-43E0-A977-5307B433CBA8}.Debug|ARM.ActiveCfg = Debug|ARM
		{6F991B02-DC28-43E0-A977-5307B433CBA8}.Debug|ARM.Build.0 = Debug|ARM
		{6F991B02-DC28-43E0-A977-5307B433CBA8}.Debug|ARM.Deploy.0 = Debug|ARM
		{6F991B02-DC28-43E0-A977-5307B433CBA8}.Debug|iPhone.ActiveCfg = Debug|x86
		{6F991B02-DC28-43E0-A977-5307B433CBA8}.Debug|iPhone.Build.0 = Debug|x86
		{6F991B02-DC28-43E0-A977-5307B433CBA8}.Debug|iPhone.Deploy.0 = Debug|x86
		{6F991B02-DC28-43E0-A977-5307B433CBA8}.Debug|iPhoneSimulator.ActiveCfg = Debug|x86
		{6F991B02-DC28-43E0-A977-5307B433CBA8}.Debug|iPhoneSimulator.Build.0 = Debug|x86
		{6F991B02-DC28-43E0-A977-5307B433CBA8}.Debug|iPhoneSimulator.Deploy.0 = Debug|x86
		{6F991B02-DC28-43E0-A977-5307B433CBA8}.Debug|x64.ActiveCfg = Debug|x64
		{6F991B02-DC28-43E0-A977-5307B433CBA8}.Debug|x64.Build.0 = Debug|x64
		{6F991B02-DC28-43E0-A977-5307B433CBA8}.Debug|x64.Deploy.0 = Debug|x64
		{6F991B02-DC28-43E0-A977-5307B433CBA8}.Debug|x86.ActiveCfg = Debug|x86
		{6F991B02-DC28-43E0-A977-5307B433CBA8}.Debug|x86.Build.0 = Debug|x86
		{6F991B02-DC28-43E0-A977-5307B433CBA8}.Debug|x86.Deploy.0 = Debug|x86
		{6F991B02-DC28-43E0-A977-5307B433CBA8}.Release|Any CPU.ActiveCfg = Release|x86
		{6F991B02-DC28-43E0-A977-5307B433CBA8}.Release|Any CPU.Build.0 = Release|x86
		{6F991B02-DC28-43E0-A977-5307B433CBA8}.Release|Any CPU.Deploy.0 = Release|x86
		{6F991B02-DC28-43E0-A977-5307B433CBA8}.Release|ARM.ActiveCfg = Release|ARM
		{6F991B02-DC28-43E0-A977-5307B433CBA8}.Release|ARM.Build.0 = Release|ARM
		{6F991B02-DC28-43E0-A977-5307B433CBA8}.Release|ARM.Deploy.0 = Release|ARM
		{6F991B02-DC28-43E0-A977-5307B433CBA8}.Release|iPhone.ActiveCfg = Release|x86
		{6F991B02-DC28-43E0-A977-5307B433CBA8}.Release|iPhone.Build.0 = Release|x86
		{6F991B02-DC28-43E0-A977-5307B433CBA8}.Release|iPhone.Deploy.0 = Release|x86
		{6F991B02-DC28-43E0-A977-5307B433CBA8}.Release|iPhoneSimulator.ActiveCfg = Release|x86
		{6F991B02-DC28-43E0-A977-5307B433CBA8}.Release|iPhoneSimulator.Build.0 = Release|x86
		{6F991B02-DC28-43E0-A977-5307B433CBA8}.Release|iPhoneSimulator.Deploy.0 = Release|x86
		{6F991B02-DC28-43E0-A977-5307B433CBA8}.Release|x64.ActiveCfg = Release|x64
		{6F991B02-DC28-43E0-A977-5307B433CBA8}.Release|x64.Build.0 = Release|x64
		{6F991B02-DC28-43E0-A977-5307B433CBA8}.Release|x64.Deploy.0 = Release|x64
		{6F991B02-DC28-43E0-A977-5307B433CBA8}.Release|x86.ActiveCfg = Release|x86
		{6F991B02-DC28-43E0-A977-5307B433CBA8}.Release|x86.Build.0 = Release|x86
		{6F991B02-DC28-43E0-A977-5307B433CBA8}.Release|x86.Deploy.0 = Release|x86
		{0A74F630-F87D-4D19-A2B5-AF98A4D721B8}.Ad-Hoc|Any CPU.ActiveCfg = Debug|Any CPU
		{0A74F630-F87D-4D19-A2B5-AF98A4D721B8}.Ad-Hoc|Any CPU.Build.0 = Debug|Any CPU
		{0A74F630-F87D-4D19-A2B5-AF98A4D721B8}.Ad-Hoc|Any CPU.Deploy.0 = Debug|Any CPU
		{0A74F630-F87D-4D19-A2B5-AF98A4D721B8}.Ad-Hoc|ARM.ActiveCfg = Debug|Any CPU
		{0A74F630-F87D-4D19-A2B5-AF98A4D721B8}.Ad-Hoc|ARM.Build.0 = Debug|Any CPU
		{0A74F630-F87D-4D19-A2B5-AF98A4D721B8}.Ad-Hoc|ARM.Deploy.0 = Debug|Any CPU
		{0A74F630-F87D-4D19-A2B5-AF98A4D721B8}.Ad-Hoc|iPhone.ActiveCfg = Debug|Any CPU
		{0A74F630-F87D-4D19-A2B5-AF98A4D721B8}.Ad-Hoc|iPhone.Build.0 = Debug|Any CPU
		{0A74F630-F87D-4D19-A2B5-AF98A4D721B8}.Ad-Hoc|iPhone.Deploy.0 = Debug|Any CPU
		{0A74F630-F87D-4D19-A2B5-AF98A4D721B8}.Ad-Hoc|iPhoneSimulator.ActiveCfg = Debug|Any CPU
		{0A74F630-F87D-4D19-A2B5-AF98A4D721B8}.Ad-Hoc|iPhoneSimulator.Build.0 = Debug|Any CPU
		{0A74F630-F87D-4D19-A2B5-AF98A4D721B8}.Ad-Hoc|iPhoneSimulator.Deploy.0 = Debug|Any CPU
		{0A74F630-F87D-4D19-A2B5-AF98A4D721B8}.Ad-Hoc|x64.ActiveCfg = Debug|Any CPU
		{0A74F630-F87D-4D19-A2B5-AF98A4D721B8}.Ad-Hoc|x64.Build.0 = Debug|Any CPU
		{0A74F630-F87D-4D19-A2B5-AF98A4D721B8}.Ad-Hoc|x64.Deploy.0 = Debug|Any CPU
		{0A74F630-F87D-4D19-A2B5-AF98A4D721B8}.Ad-Hoc|x86.ActiveCfg = Debug|Any CPU
		{0A74F630-F87D-4D19-A2B5-AF98A4D721B8}.Ad-Hoc|x86.Build.0 = Debug|Any CPU
		{0A74F630-F87D-4D19-A2B5-AF98A4D721B8}.Ad-Hoc|x86.Deploy.0 = Debug|Any CPU
		{0A74F630-F87D-4D19-A2B5-AF98A4D721B8}.AppStore|Any CPU.ActiveCfg = Debug|Any CPU
		{0A74F630-F87D-4D19-A2B5-AF98A4D721B8}.AppStore|Any CPU.Build.0 = Debug|Any CPU
		{0A74F630-F87D-4D19-A2B5-AF98A4D721B8}.AppStore|Any CPU.Deploy.0 = Debug|Any CPU
		{0A74F630-F87D-4D19-A2B5-AF98A4D721B8}.AppStore|ARM.ActiveCfg = Debug|Any CPU
		{0A74F630-F87D-4D19-A2B5-AF98A4D721B8}.AppStore|ARM.Build.0 = Debug|Any CPU
		{0A74F630-F87D-4D19-A2B5-AF98A4D721B8}.AppStore|ARM.Deploy.0 = Debug|Any CPU
		{0A74F630-F87D-4D19-A2B5-AF98A4D721B8}.AppStore|iPhone.ActiveCfg = Debug|Any CPU
		{0A74F630-F87D-4D19-A2B5-AF98A4D721B8}.AppStore|iPhone.Build.0 = Debug|Any CPU
		{0A74F630-F87D-4D19-A2B5-AF98A4D721B8}.AppStore|iPhone.Deploy.0 = Debug|Any CPU
		{0A74F630-F87D-4D19-A2B5-AF98A4D721B8}.AppStore|iPhoneSimulator.ActiveCfg = Debug|Any CPU
		{0A74F630-F87D-4D19-A2B5-AF98A4D721B8}.AppStore|iPhoneSimulator.Build.0 = Debug|Any CPU
		{0A74F630-F87D-4D19-A2B5-AF98A4D721B8}.AppStore|iPhoneSimulator.Deploy.0 = Debug|Any CPU
		{0A74F630-F87D-4D19-A2B5-AF98A4D721B8}.AppStore|x64.ActiveCfg = Debug|Any CPU
		{0A74F630-F87D-4D19-A2B5-AF98A4D721B8}.AppStore|x64.Build.0 = Debug|Any CPU
		{0A74F630-F87D-4D19-A2B5-AF98A4D721B8}.AppStore|x64.Deploy.0 = Debug|Any CPU
		{0A74F630-F87D-4D19-A2B5-AF98A4D721B8}.AppStore|x86.ActiveCfg = Debug|Any CPU
		{0A74F630-F87D-4D19-A2B5-AF98A4D721B8}.AppStore|x86.Build.0 = Debug|Any CPU
		{0A74F630-F87D-4D19-A2B5-AF98A4D721B8}.AppStore|x86.Deploy.0 = Debug|Any CPU
		{0A74F630-F87D-4D19-A2B5-AF98A4D721B8}.Debug|Any CPU.ActiveCfg = Debug|Any CPU
		{0A74F630-F87D-4D19-A2B5-AF98A4D721B8}.Debug|Any CPU.Build.0 = Debug|Any CPU
		{0A74F630-F87D-4D19-A2B5-AF98A4D721B8}.Debug|Any CPU.Deploy.0 = Debug|Any CPU
		{0A74F630-F87D-4D19-A2B5-AF98A4D721B8}.Debug|ARM.ActiveCfg = Debug|Any CPU
		{0A74F630-F87D-4D19-A2B5-AF98A4D721B8}.Debug|ARM.Build.0 = Debug|Any CPU
		{0A74F630-F87D-4D19-A2B5-AF98A4D721B8}.Debug|ARM.Deploy.0 = Debug|Any CPU
		{0A74F630-F87D-4D19-A2B5-AF98A4D721B8}.Debug|iPhone.ActiveCfg = Debug|Any CPU
		{0A74F630-F87D-4D19-A2B5-AF98A4D721B8}.Debug|iPhone.Build.0 = Debug|Any CPU
		{0A74F630-F87D-4D19-A2B5-AF98A4D721B8}.Debug|iPhone.Deploy.0 = Debug|Any CPU
		{0A74F630-F87D-4D19-A2B5-AF98A4D721B8}.Debug|iPhoneSimulator.ActiveCfg = Debug|Any CPU
		{0A74F630-F87D-4D19-A2B5-AF98A4D721B8}.Debug|iPhoneSimulator.Build.0 = Debug|Any CPU
		{0A74F630-F87D-4D19-A2B5-AF98A4D721B8}.Debug|iPhoneSimulator.Deploy.0 = Debug|Any CPU
		{0A74F630-F87D-4D19-A2B5-AF98A4D721B8}.Debug|x64.ActiveCfg = Debug|Any CPU
		{0A74F630-F87D-4D19-A2B5-AF98A4D721B8}.Debug|x64.Build.0 = Debug|Any CPU
		{0A74F630-F87D-4D19-A2B5-AF98A4D721B8}.Debug|x64.Deploy.0 = Debug|Any CPU
		{0A74F630-F87D-4D19-A2B5-AF98A4D721B8}.Debug|x86.ActiveCfg = Debug|Any CPU
		{0A74F630-F87D-4D19-A2B5-AF98A4D721B8}.Debug|x86.Build.0 = Debug|Any CPU
		{0A74F630-F87D-4D19-A2B5-AF98A4D721B8}.Debug|x86.Deploy.0 = Debug|Any CPU
		{0A74F630-F87D-4D19-A2B5-AF98A4D721B8}.Release|Any CPU.ActiveCfg = Release|Any CPU
		{0A74F630-F87D-4D19-A2B5-AF98A4D721B8}.Release|Any CPU.Build.0 = Release|Any CPU
		{0A74F630-F87D-4D19-A2B5-AF98A4D721B8}.Release|Any CPU.Deploy.0 = Release|Any CPU
		{0A74F630-F87D-4D19-A2B5-AF98A4D721B8}.Release|ARM.ActiveCfg = Release|Any CPU
		{0A74F630-F87D-4D19-A2B5-AF98A4D721B8}.Release|ARM.Build.0 = Release|Any CPU
		{0A74F630-F87D-4D19-A2B5-AF98A4D721B8}.Release|ARM.Deploy.0 = Release|Any CPU
		{0A74F630-F87D-4D19-A2B5-AF98A4D721B8}.Release|iPhone.ActiveCfg = Release|Any CPU
		{0A74F630-F87D-4D19-A2B5-AF98A4D721B8}.Release|iPhone.Build.0 = Release|Any CPU
		{0A74F630-F87D-4D19-A2B5-AF98A4D721B8}.Release|iPhone.Deploy.0 = Release|Any CPU
		{0A74F630-F87D-4D19-A2B5-AF98A4D721B8}.Release|iPhoneSimulator.ActiveCfg = Release|Any CPU
		{0A74F630-F87D-4D19-A2B5-AF98A4D721B8}.Release|iPhoneSimulator.Build.0 = Release|Any CPU
		{0A74F630-F87D-4D19-A2B5-AF98A4D721B8}.Release|iPhoneSimulator.Deploy.0 = Release|Any CPU
		{0A74F630-F87D-4D19-A2B5-AF98A4D721B8}.Release|x64.ActiveCfg = Release|Any CPU
		{0A74F630-F87D-4D19-A2B5-AF98A4D721B8}.Release|x64.Build.0 = Release|Any CPU
		{0A74F630-F87D-4D19-A2B5-AF98A4D721B8}.Release|x64.Deploy.0 = Release|Any CPU
		{0A74F630-F87D-4D19-A2B5-AF98A4D721B8}.Release|x86.ActiveCfg = Release|Any CPU
		{0A74F630-F87D-4D19-A2B5-AF98A4D721B8}.Release|x86.Build.0 = Release|Any CPU
		{0A74F630-F87D-4D19-A2B5-AF98A4D721B8}.Release|x86.Deploy.0 = Release|Any CPU
	EndGlobalSection
	GlobalSection(SolutionProperties) = preSolution
		HideSolutionNode = FALSE
	EndGlobalSection
	GlobalSection(ExtensibilityGlobals) = postSolution
		SolutionGuid = {AEE6B52B-1C19-4B93-97C5-3183C7DA5909}
	EndGlobalSection
EndGlobal
